
Microsoft Visual Studio Solution File, Format Version 12.00
# Visual Studio Version 17
VisualStudioVersion = 17.9.34622.214
MinimumVisualStudioVersion = 10.0.40219.1
Project("{8BC9CEB8-8B4A-11D0-8D11-00A0C91BC942}") = "Burakov_LB5", "Burakov_LB5\Burakov_LB5.vcxproj", "{8C7039FF-AE03-40DE-86A1-A93A82037963}"
EndProject
Global
	GlobalSection(SolutionConfigurationPlatforms) = preSolution
		Debug|x64 = Debug|x64
		Debug|x86 = Debug|x86
		Release|x64 = Release|x64
		Release|x86 = Release|x86
	EndGlobalSection
	GlobalSection(ProjectConfigurationPlatforms) = postSolution
		{8C7039FF-AE03-40DE-86A1-A93A82037963}.Debug|x64.ActiveCfg = Debug|x64
		{8C7039FF-AE03-40DE-86A1-A93A82037963}.Debug|x64.Build.0 = Debug|x64
		{8C7039FF-AE03-40DE-86A1-A93A82037963}.Debug|x86.ActiveCfg = Debug|Win32
		{8C7039FF-AE03-40DE-86A1-A93A82037963}.Debug|x86.Build.0 = Debug|Win32
		{8C7039FF-AE03-40DE-86A1-A93A82037963}.Release|x64.ActiveCfg = Release|x64
		{8C7039FF-AE03-40DE-86A1-A93A82037963}.Release|x64.Build.0 = Release|x64
		{8C7039FF-AE03-40DE-86A1-A93A82037963}.Release|x86.ActiveCfg = Release|Win32
		{8C7039FF-AE03-40DE-86A1-A93A82037963}.Release|x86.Build.0 = Release|Win32
	EndGlobalSection
	GlobalSection(SolutionProperties) = preSolution
		HideSolutionNode = FALSE
	EndGlobalSection
	GlobalSection(ExtensibilityGlobals) = postSolution
		SolutionGuid = {AC564D54-4346-4D63-838C-3C5ABC9B0C67}
	EndGlobalSection
EndGlobal
